{
  "nodes": {
    "nixpkgs": {
      "locked": {
        "lastModified": 1672734715,
        "narHash": "sha256-U9WWy+WqZJEpfA8uBM+t061xeMvaYLTd/09fihDlVDY=",
        "owner": "NixOS",
        "repo": "nixpkgs",
        "rev": "1659dab09854b3338a38da318582d153a0bd8db5",
        "type": "github"
      },
      "original": {
        "id": "nixpkgs",
        "ref": "master",
        "type": "indirect"
      }
    },
    "root": {
      "inputs": {
        "nixpkgs": "nixpkgs"
      }
    }
  },
  "root": "root",
  "version": 7
}
